
Microsoft Visual Studio Solution File, Format Version 12.00
# Visual Studio Version 17
VisualStudioVersion = 17.5.002.0
MinimumVisualStudioVersion = 10.0.40219.1
Project("{9A19103F-16F7-4668-BE54-9A1E7A4F7556}") = "ProyectoFinalLab3", "ProyectoFinalLab3.csproj", "{CD85596B-53E0-44FE-BA14-0FBDF40A813B}"
EndProject
Global
	GlobalSection(SolutionConfigurationPlatforms) = preSolution
		Debug|Any CPU = Debug|Any CPU
		Release|Any CPU = Release|Any CPU
	EndGlobalSection
	GlobalSection(ProjectConfigurationPlatforms) = postSolution
		{CD85596B-53E0-44FE-BA14-0FBDF40A813B}.Debug|Any CPU.ActiveCfg = Debug|Any CPU
		{CD85596B-53E0-44FE-BA14-0FBDF40A813B}.Debug|Any CPU.Build.0 = Debug|Any CPU
		{CD85596B-53E0-44FE-BA14-0FBDF40A813B}.Release|Any CPU.ActiveCfg = Release|Any CPU
		{CD85596B-53E0-44FE-BA14-0FBDF40A813B}.Release|Any CPU.Build.0 = Release|Any CPU
	EndGlobalSection
	GlobalSection(SolutionProperties) = preSolution
		HideSolutionNode = FALSE
	EndGlobalSection
	GlobalSection(ExtensibilityGlobals) = postSolution
		SolutionGuid = {082F689B-B0BD-4B67-A840-F4C365A94DA7}
	EndGlobalSection
EndGlobal
